{
    "_readme": [
        "This file locks the dependencies of your project to a known state",
        "Read more about it at https://getcomposer.org/doc/01-basic-usage.md#installing-dependencies",
        "This file is @generated automatically"
    ],
    "content-hash": "0a6494c62cc2c92a252d0ddc530b6b13",
    "packages": [
        {
            "name": "ddeboer/imap",
            "version": "1.14.2",
            "source": {
                "type": "git",
                "url": "https://github.com/ddeboer/imap.git",
                "reference": "1a0a86e73257c22d537f20df0e8b32b8a6760974"
            },
            "dist": {
                "type": "zip",
                "url": "https://api.github.com/repos/ddeboer/imap/zipball/1a0a86e73257c22d537f20df0e8b32b8a6760974",
                "reference": "1a0a86e73257c22d537f20df0e8b32b8a6760974",
                "shasum": ""
            },
            "require": {
                "ext-iconv": "*",
                "ext-imap": "*",
                "ext-mbstring": "*",
                "php": "^8.0.1"
            },
            "require-dev": {
                "friendsofphp/php-cs-fixer": "^3.11",
                "laminas/laminas-mail": "^2.17",
                "phpstan/phpstan": "^1.8.4",
                "phpstan/phpstan-phpunit": "^1.1.1",
                "phpstan/phpstan-strict-rules": "^1.4.3",
                "phpunit/phpunit": "^9.5.24"
            },
            "type": "library",
            "autoload": {
                "psr-4": {
                    "Ddeboer\\Imap\\": "src/"
                }
            },
            "notification-url": "https://packagist.org/downloads/",
            "license": [
                "MIT"
            ],
            "authors": [
                {
                    "name": "David de Boer",
                    "email": "david@ddeboer.nl"
                },
                {
                    "name": "Filippo Tessarotto",
                    "email": "zoeslam@gmail.com"
                },
                {
                    "name": "Community contributors",
                    "homepage": "https://github.com/ddeboer/imap/graphs/contributors"
                }
            ],
            "description": "Object-oriented IMAP for PHP",
            "keywords": [
                "email",
                "imap",
                "mail"
            ],
            "support": {
                "issues": "https://github.com/ddeboer/imap/issues",
                "source": "https://github.com/ddeboer/imap/tree/1.14.2"
            },
            "funding": [
                {
                    "url": "https://github.com/Slamdunk",
                    "type": "github"
                },
                {
                    "url": "https://github.com/ddeboer",
                    "type": "github"
                }
            ],
            "time": "2022-09-05T12:47:17+00:00"
        },
        {
            "name": "league/html-to-markdown",
            "version": "5.1.1",
            "source": {
                "type": "git",
                "url": "https://github.com/thephpleague/html-to-markdown.git",
                "reference": "0b4066eede55c48f38bcee4fb8f0aa85654390fd"
            },
            "dist": {
                "type": "zip",
                "url": "https://api.github.com/repos/thephpleague/html-to-markdown/zipball/0b4066eede55c48f38bcee4fb8f0aa85654390fd",
                "reference": "0b4066eede55c48f38bcee4fb8f0aa85654390fd",
                "shasum": ""
            },
            "require": {
                "ext-dom": "*",
                "ext-xml": "*",
                "php": "^7.2.5 || ^8.0"
            },
            "require-dev": {
                "mikehaertl/php-shellcommand": "^1.1.0",
                "phpstan/phpstan": "^1.8.8",
                "phpunit/phpunit": "^8.5 || ^9.2",
                "scrutinizer/ocular": "^1.6",
                "unleashedtech/php-coding-standard": "^2.7 || ^3.0",
                "vimeo/psalm": "^4.22 || ^5.0"
            },
            "bin": [
                "bin/html-to-markdown"
            ],
            "type": "library",
            "extra": {
                "branch-alias": {
                    "dev-master": "5.2-dev"
                }
            },
            "autoload": {
                "psr-4": {
                    "League\\HTMLToMarkdown\\": "src/"
                }
            },
            "notification-url": "https://packagist.org/downloads/",
            "license": [
                "MIT"
            ],
            "authors": [
                {
                    "name": "Colin O'Dell",
                    "email": "colinodell@gmail.com",
                    "homepage": "https://www.colinodell.com",
                    "role": "Lead Developer"
                },
                {
                    "name": "Nick Cernis",
                    "email": "nick@cern.is",
                    "homepage": "http://modernnerd.net",
                    "role": "Original Author"
                }
            ],
            "description": "An HTML-to-markdown conversion helper for PHP",
            "homepage": "https://github.com/thephpleague/html-to-markdown",
            "keywords": [
                "html",
                "markdown"
            ],
            "support": {
                "issues": "https://github.com/thephpleague/html-to-markdown/issues",
                "source": "https://github.com/thephpleague/html-to-markdown/tree/5.1.1"
            },
            "funding": [
                {
                    "url": "https://www.colinodell.com/sponsor",
                    "type": "custom"
                },
                {
                    "url": "https://www.paypal.me/colinpodell/10.00",
                    "type": "custom"
                },
                {
                    "url": "https://github.com/colinodell",
                    "type": "github"
                },
                {
                    "url": "https://tidelift.com/funding/github/packagist/league/html-to-markdown",
                    "type": "tidelift"
                }
            ],
            "time": "2023-07-12T21:21:09+00:00"
        },
        {
            "name": "pelago/emogrifier",
            "version": "v7.3.0",
            "source": {
                "type": "git",
                "url": "https://github.com/MyIntervals/emogrifier.git",
                "reference": "6e00d9d8235e8cc8eec857e8dcd6cfeefdfd0cd6"
            },
            "dist": {
                "type": "zip",
                "url": "https://api.github.com/repos/MyIntervals/emogrifier/zipball/6e00d9d8235e8cc8eec857e8dcd6cfeefdfd0cd6",
                "reference": "6e00d9d8235e8cc8eec857e8dcd6cfeefdfd0cd6",
                "shasum": ""
            },
            "require": {
                "ext-dom": "*",
                "ext-libxml": "*",
                "php": "~7.3.0 || ~7.4.0 || ~8.0.0 || ~8.1.0 || ~8.2.0 || ~8.3.0 || ~8.4.0",
                "sabberworm/php-css-parser": "^8.7.0",
                "symfony/css-selector": "^4.4.23 || ^5.4.0 || ^6.0.0 || ^7.0.0"
            },
            "require-dev": {
                "php-parallel-lint/php-parallel-lint": "1.4.0",
                "phpstan/extension-installer": "1.4.3",
                "phpstan/phpstan": "1.12.7",
                "phpstan/phpstan-phpunit": "1.4.0",
                "phpstan/phpstan-strict-rules": "1.6.1",
                "phpunit/phpunit": "9.6.21",
                "rawr/cross-data-providers": "2.4.0"
            },
            "type": "library",
            "extra": {
                "branch-alias": {
                    "dev-main": "8.0.x-dev"
                }
            },
            "autoload": {
                "psr-4": {
                    "Pelago\\Emogrifier\\": "src/"
                }
            },
            "notification-url": "https://packagist.org/downloads/",
            "license": [
                "MIT"
            ],
            "authors": [
                {
                    "name": "Oliver Klee",
                    "email": "github@oliverklee.de"
                },
                {
                    "name": "Zoli Szabó",
                    "email": "zoli.szabo+github@gmail.com"
                },
                {
                    "name": "John Reeve",
                    "email": "jreeve@pelagodesign.com"
                },
                {
                    "name": "Jake Hotson",
                    "email": "jake.github@qzdesign.co.uk"
                },
                {
                    "name": "Cameron Brooks"
                },
                {
                    "name": "Jaime Prado"
                }
            ],
            "description": "Converts CSS styles into inline style attributes in your HTML code",
            "homepage": "https://www.myintervals.com/emogrifier.php",
            "keywords": [
                "css",
                "email",
                "pre-processing"
            ],
            "support": {
                "issues": "https://github.com/MyIntervals/emogrifier/issues",
                "source": "https://github.com/MyIntervals/emogrifier"
            },
            "time": "2024-10-28T16:12:26+00:00"
        },
        {
            "name": "sabberworm/php-css-parser",
            "version": "v8.7.0",
            "source": {
                "type": "git",
                "url": "https://github.com/MyIntervals/PHP-CSS-Parser.git",
                "reference": "f414ff953002a9b18e3a116f5e462c56f21237cf"
            },
            "dist": {
                "type": "zip",
                "url": "https://api.github.com/repos/MyIntervals/PHP-CSS-Parser/zipball/f414ff953002a9b18e3a116f5e462c56f21237cf",
                "reference": "f414ff953002a9b18e3a116f5e462c56f21237cf",
                "shasum": ""
            },
            "require": {
                "ext-iconv": "*",
                "php": "^5.6.20 || ^7.0.0 || ~8.0.0 || ~8.1.0 || ~8.2.0 || ~8.3.0 || ~8.4.0"
            },
            "require-dev": {
                "phpunit/phpunit": "5.7.27 || 6.5.14 || 7.5.20 || 8.5.40"
            },
            "suggest": {
                "ext-mbstring": "for parsing UTF-8 CSS"
            },
            "type": "library",
            "extra": {
                "branch-alias": {
                    "dev-main": "9.0.x-dev"
                }
            },
            "autoload": {
                "psr-4": {
                    "Sabberworm\\CSS\\": "src/"
                }
            },
            "notification-url": "https://packagist.org/downloads/",
            "license": [
                "MIT"
            ],
            "authors": [
                {
                    "name": "Raphael Schweikert"
                },
                {
                    "name": "Oliver Klee",
                    "email": "github@oliverklee.de"
                },
                {
                    "name": "Jake Hotson",
                    "email": "jake.github@qzdesign.co.uk"
                }
            ],
            "description": "Parser for CSS Files written in PHP",
            "homepage": "https://www.sabberworm.com/blog/2010/6/10/php-css-parser",
            "keywords": [
                "css",
                "parser",
                "stylesheet"
            ],
            "support": {
                "issues": "https://github.com/MyIntervals/PHP-CSS-Parser/issues",
                "source": "https://github.com/MyIntervals/PHP-CSS-Parser/tree/v8.7.0"
            },
            "time": "2024-10-27T17:38:32+00:00"
        },
        {
            "name": "scssphp/scssphp",
            "version": "v1.13.0",
            "source": {
                "type": "git",
                "url": "https://github.com/scssphp/scssphp.git",
                "reference": "63d1157457e5554edf00b0c1fabab4c1511d2520"
            },
            "dist": {
                "type": "zip",
                "url": "https://api.github.com/repos/scssphp/scssphp/zipball/63d1157457e5554edf00b0c1fabab4c1511d2520",
                "reference": "63d1157457e5554edf00b0c1fabab4c1511d2520",
                "shasum": ""
            },
            "require": {
                "ext-ctype": "*",
                "ext-json": "*",
                "php": ">=5.6.0"
            },
            "require-dev": {
                "bamarni/composer-bin-plugin": "^1.4",
                "phpunit/phpunit": "^5.7 || ^6.5 || ^7.5 || ^8.3 || ^9.4",
                "sass/sass-spec": "*",
                "squizlabs/php_codesniffer": "~3.5",
                "symfony/phpunit-bridge": "^5.1",
                "thoughtbot/bourbon": "^7.0",
                "twbs/bootstrap": "~5.0",
                "twbs/bootstrap4": "4.6.1",
                "zurb/foundation": "~6.7.0"
            },
            "suggest": {
                "ext-iconv": "Can be used as fallback when ext-mbstring is not available",
                "ext-mbstring": "For best performance, mbstring should be installed as it is faster than ext-iconv"
            },
            "bin": [
                "bin/pscss"
            ],
            "type": "library",
            "extra": {
                "bamarni-bin": {
                    "bin-links": false,
                    "forward-command": false
                }
            },
            "autoload": {
                "psr-4": {
                    "ScssPhp\\ScssPhp\\": "src/"
                }
            },
            "notification-url": "https://packagist.org/downloads/",
            "license": [
                "MIT"
            ],
            "authors": [
                {
                    "name": "Anthon Pang",
                    "email": "apang@softwaredevelopment.ca",
                    "homepage": "https://github.com/robocoder"
                },
                {
                    "name": "Cédric Morin",
                    "email": "cedric@yterium.com",
                    "homepage": "https://github.com/Cerdic"
                }
            ],
            "description": "scssphp is a compiler for SCSS written in PHP.",
            "homepage": "http://scssphp.github.io/scssphp/",
            "keywords": [
                "css",
                "less",
                "sass",
                "scss",
                "stylesheet"
            ],
            "support": {
                "issues": "https://github.com/scssphp/scssphp/issues",
                "source": "https://github.com/scssphp/scssphp/tree/v1.13.0"
            },
            "time": "2024-08-17T21:02:11+00:00"
        },
        {
            "name": "symfony/css-selector",
            "version": "v5.4.45",
            "source": {
                "type": "git",
                "url": "https://github.com/symfony/css-selector.git",
                "reference": "4f7f3c35fba88146b56d0025d20ace3f3901f097"
            },
            "dist": {
                "type": "zip",
                "url": "https://api.github.com/repos/symfony/css-selector/zipball/4f7f3c35fba88146b56d0025d20ace3f3901f097",
                "reference": "4f7f3c35fba88146b56d0025d20ace3f3901f097",
                "shasum": ""
            },
            "require": {
                "php": ">=7.2.5",
                "symfony/polyfill-php80": "^1.16"
            },
            "type": "library",
            "autoload": {
                "psr-4": {
                    "Symfony\\Component\\CssSelector\\": ""
                },
                "exclude-from-classmap": [
                    "/Tests/"
                ]
            },
            "notification-url": "https://packagist.org/downloads/",
            "license": [
                "MIT"
            ],
            "authors": [
                {
                    "name": "Fabien Potencier",
                    "email": "fabien@symfony.com"
                },
                {
                    "name": "Jean-François Simon",
                    "email": "jeanfrancois.simon@sensiolabs.com"
                },
                {
                    "name": "Symfony Community",
                    "homepage": "https://symfony.com/contributors"
                }
            ],
            "description": "Converts CSS selectors to XPath expressions",
            "homepage": "https://symfony.com",
            "support": {
                "source": "https://github.com/symfony/css-selector/tree/v5.4.45"
            },
            "funding": [
                {
                    "url": "https://symfony.com/sponsor",
                    "type": "custom"
                },
                {
                    "url": "https://github.com/fabpot",
                    "type": "github"
                },
                {
                    "url": "https://tidelift.com/funding/github/packagist/symfony/symfony",
                    "type": "tidelift"
                }
            ],
            "time": "2024-09-25T14:11:13+00:00"
        },
        {
            "name": "symfony/polyfill-php80",
            "version": "v1.31.0",
            "source": {
                "type": "git",
                "url": "https://github.com/symfony/polyfill-php80.git",
                "reference": "60328e362d4c2c802a54fcbf04f9d3fb892b4cf8"
            },
            "dist": {
                "type": "zip",
                "url": "https://api.github.com/repos/symfony/polyfill-php80/zipball/60328e362d4c2c802a54fcbf04f9d3fb892b4cf8",
                "reference": "60328e362d4c2c802a54fcbf04f9d3fb892b4cf8",
                "shasum": ""
            },
            "require": {
                "php": ">=7.2"
            },
            "type": "library",
            "extra": {
                "thanks": {
                    "url": "https://github.com/symfony/polyfill",
                    "name": "symfony/polyfill"
                }
            },
            "autoload": {
                "files": [
                    "bootstrap.php"
                ],
                "psr-4": {
                    "Symfony\\Polyfill\\Php80\\": ""
                },
                "classmap": [
                    "Resources/stubs"
                ]
            },
            "notification-url": "https://packagist.org/downloads/",
            "license": [
                "MIT"
            ],
            "authors": [
                {
                    "name": "Ion Bazan",
                    "email": "ion.bazan@gmail.com"
                },
                {
                    "name": "Nicolas Grekas",
                    "email": "p@tchwork.com"
                },
                {
                    "name": "Symfony Community",
                    "homepage": "https://symfony.com/contributors"
                }
            ],
            "description": "Symfony polyfill backporting some PHP 8.0+ features to lower PHP versions",
            "homepage": "https://symfony.com",
            "keywords": [
                "compatibility",
                "polyfill",
                "portable",
                "shim"
            ],
            "support": {
                "source": "https://github.com/symfony/polyfill-php80/tree/v1.31.0"
            },
            "funding": [
                {
                    "url": "https://symfony.com/sponsor",
                    "type": "custom"
                },
                {
                    "url": "https://github.com/fabpot",
                    "type": "github"
                },
                {
                    "url": "https://tidelift.com/funding/github/packagist/symfony/symfony",
                    "type": "tidelift"
                }
            ],
            "time": "2024-09-09T11:45:10+00:00"
        }
    ],
    "packages-dev": [],
    "aliases": [],
    "minimum-stability": "stable",
    "stability-flags": {},
    "prefer-stable": false,
    "prefer-lowest": false,
    "platform": {
        "php": "^8.0"
    },
    "platform-dev": {},
    "platform-overrides": {
        "php": "8.0.1"
    },
    "plugin-api-version": "2.6.0"
}
